<?xml version="1.0" encoding="utf-8"?>
<Project ToolsVersion="4.0" xmlns="http://schemas.microsoft.com/developer/msbuild/2003">
  <ItemGroup>
    <Filter Include="Source Files">
      <UniqueIdentifier>{bd3bdc53-f29b-459a-90c9-1a7314bfcd0a}</UniqueIdentifier>
      <Extensions>cpp;c;cxx;rc;def;r;odl;idl;hpj;bat</Extensions>
    </Filter>
    <Filter Include="Header Files">
      <UniqueIdentifier>{d82d8898-0b69-40f7-b3a0-f8b47730faa8}</UniqueIdentifier>
      <Extensions>h;hpp;hxx;hm;inl</Extensions>
    </Filter>
    <Filter Include="Resource Files">
      <UniqueIdentifier>{72deeeca-97c3-4103-bc68-a38f9ecbbcb4}</UniqueIdentifier>
      <Extensions>ico;cur;bmp;dlg;rc2;rct;bin;rgs;gif;jpg;jpeg;jpe</Extensions>
    </Filter>
    <Filter Include="detours">
      <UniqueIdentifier>{0385ced0-a32f-408a-b69e-e1adef3abcf9}</UniqueIdentifier>
    </Filter>
  </ItemGroup>
  <ItemGroup>
    <ClCompile Include="main.cpp">
      <Filter>Source Files</Filter>
    </ClCompile>
    <ClCompile Include="detours\creatwth.cpp">
      <Filter>detours</Filter>
    </ClCompile>
    <ClCompile Include="detours\detours.cpp">
      <Filter>detours</Filter>
    </ClCompile>
    <ClCompile Include="detours\disasm.cpp">
      <Filter>detours</Filter>
    </ClCompile>
    <ClCompile Include="detours\disolx86.cpp">
      <Filter>detours</Filter>
    </ClCompile>
    <ClCompile Include="detours\image.cpp">
      <Filter>detours</Filter>
    </ClCompile>
    <ClCompile Include="detours\modules.cpp">
      <Filter>detours</Filter>
    </ClCompile>
    <ClCompile Include="detours\uimports.cpp">
      <Filter>detours</Filter>
    </ClCompile>
  </ItemGroup>
  <ItemGroup>
    <ClInclude Include="cl_dll.h">
      <Filter>Header Files</Filter>
    </ClInclude>
    <ClInclude Include="util_vector.h">
      <Filter>Header Files</Filter>
    </ClInclude>
    <ClInclude Include="wrect.h">
      <Filter>Header Files</Filter>
    </ClInclude>
    <ClInclude Include="detours\detours.h">
      <Filter>detours</Filter>
    </ClInclude>
    <ClInclude Include="detours\detver.h">
      <Filter>detours</Filter>
    </ClInclude>
  </ItemGroup>
</Project>